
Microsoft Visual Studio Solution File, Format Version 12.00
# Visual Studio 15
VisualStudioVersion = 15.0.26730.15
MinimumVisualStudioVersion = 10.0.40219.1
Project("{FAE04EC0-301F-11D3-BF4B-00C04F79EFBC}") = "Prison managment system", "Prison managment system\Prison managment system.csproj", "{03A537D4-6AFD-499E-BF51-66B923924C5D}"
EndProject
Global
	GlobalSection(SolutionConfigurationPlatforms) = preSolution
		Debug|Any CPU = Debug|Any CPU
		Release|Any CPU = Release|Any CPU
	EndGlobalSection
	GlobalSection(ProjectConfigurationPlatforms) = postSolution
		{03A537D4-6AFD-499E-BF51-66B923924C5D}.Debug|Any CPU.ActiveCfg = Debug|Any CPU
		{03A537D4-6AFD-499E-BF51-66B923924C5D}.Debug|Any CPU.Build.0 = Debug|Any CPU
		{03A537D4-6AFD-499E-BF51-66B923924C5D}.Release|Any CPU.ActiveCfg = Release|Any CPU
		{03A537D4-6AFD-499E-BF51-66B923924C5D}.Release|Any CPU.Build.0 = Release|Any CPU
	EndGlobalSection
	GlobalSection(SolutionProperties) = preSolution
		HideSolutionNode = FALSE
	EndGlobalSection
	GlobalSection(ExtensibilityGlobals) = postSolution
		SolutionGuid = {CAF11321-7FE2-46B7-A5BE-831B1516C4C5}
	EndGlobalSection
EndGlobal
